// !$*UTF8*$!
{
	archiveVersion = 1;
	classes = {
	};
	objectVersion = 50;
	objects = {

/* Begin PBXBuildFile section */
		06EEE02E2418365B00ADB91F /* AppDelegate.swift in Sources */ = {isa = PBXBuildFile; fileRef = 06EEE02D2418365B00ADB91F /* AppDelegate.swift */; };
		06EEE0302418365B00ADB91F /* SceneDelegate.swift in Sources */ = {isa = PBXBuildFile; fileRef = 06EEE02F2418365B00ADB91F /* SceneDelegate.swift */; };
		06EEE0322418365B00ADB91F /* MainViewController.swift in Sources */ = {isa = PBXBuildFile; fileRef = 06EEE0312418365B00ADB91F /* MainViewController.swift */; };
		06EEE0352418365B00ADB91F /* Main.storyboard in Resources */ = {isa = PBXBuildFile; fileRef = 06EEE0332418365B00ADB91F /* Main.storyboard */; };
		06EEE0372418365C00ADB91F /* Assets.xcassets in Resources */ = {isa = PBXBuildFile; fileRef = 06EEE0362418365C00ADB91F /* Assets.xcassets */; };
		06EEE03A2418365C00ADB91F /* LaunchScreen.storyboard in Resources */ = {isa = PBXBuildFile; fileRef = 06EEE0382418365C00ADB91F /* LaunchScreen.storyboard */; };
		06EEE0432418379600ADB91F /* MainView.swift in Sources */ = {isa = PBXBuildFile; fileRef = 06EEE0422418379600ADB91F /* MainView.swift */; };
		06EEE0462418392300ADB91F /* MainCell.swift in Sources */ = {isa = PBXBuildFile; fileRef = 06EEE0452418392300ADB91F /* MainCell.swift */; };
		06EEE0492418398F00ADB91F /* UIColor+Extensions.swift in Sources */ = {isa = PBXBuildFile; fileRef = 06EEE0482418398F00ADB91F /* UIColor+Extensions.swift */; };
		06EEE04B241839C700ADB91F /* UIFont+Extensions.swift in Sources */ = {isa = PBXBuildFile; fileRef = 06EEE04A241839C700ADB91F /* UIFont+Extensions.swift */; };
		06EEE04E2418491B00ADB91F /* Post.swift in Sources */ = {isa = PBXBuildFile; fileRef = 06EEE04D2418491B00ADB91F /* Post.swift */; };
		06EEE0502418497700ADB91F /* Comment.swift in Sources */ = {isa = PBXBuildFile; fileRef = 06EEE04F2418497700ADB91F /* Comment.swift */; };
		06EEE053241849F500ADB91F /* CommentsView.swift in Sources */ = {isa = PBXBuildFile; fileRef = 06EEE052241849F500ADB91F /* CommentsView.swift */; };
		06EEE05624184A1600ADB91F /* CommentsViewController.swift in Sources */ = {isa = PBXBuildFile; fileRef = 06EEE05524184A1600ADB91F /* CommentsViewController.swift */; };
		06EEE0592418509100ADB91F /* NetworkManager.swift in Sources */ = {isa = PBXBuildFile; fileRef = 06EEE0582418509100ADB91F /* NetworkManager.swift */; };
		06EEE05C2418796800ADB91F /* CommentsCell.swift in Sources */ = {isa = PBXBuildFile; fileRef = 06EEE05B2418796800ADB91F /* CommentsCell.swift */; };
		06EEE0622418907E00ADB91F /* UserPostsViewController.swift in Sources */ = {isa = PBXBuildFile; fileRef = 06EEE0612418907E00ADB91F /* UserPostsViewController.swift */; };
		06EEE0642418908F00ADB91F /* UserPostsView.swift in Sources */ = {isa = PBXBuildFile; fileRef = 06EEE0632418908F00ADB91F /* UserPostsView.swift */; };
/* End PBXBuildFile section */

/* Begin PBXFileReference section */
		06EEE02A2418365B00ADB91F /* UniverseSampleProject.app */ = {isa = PBXFileReference; explicitFileType = wrapper.application; includeInIndex = 0; path = UniverseSampleProject.app; sourceTree = BUILT_PRODUCTS_DIR; };
		06EEE02D2418365B00ADB91F /* AppDelegate.swift */ = {isa = PBXFileReference; lastKnownFileType = sourcecode.swift; path = AppDelegate.swift; sourceTree = "<group>"; };
		06EEE02F2418365B00ADB91F /* SceneDelegate.swift */ = {isa = PBXFileReference; lastKnownFileType = sourcecode.swift; path = SceneDelegate.swift; sourceTree = "<group>"; };
		06EEE0312418365B00ADB91F /* MainViewController.swift */ = {isa = PBXFileReference; lastKnownFileType = sourcecode.swift; path = MainViewController.swift; sourceTree = "<group>"; };
		06EEE0342418365B00ADB91F /* Base */ = {isa = PBXFileReference; lastKnownFileType = file.storyboard; name = Base; path = Base.lproj/Main.storyboard; sourceTree = "<group>"; };
		06EEE0362418365C00ADB91F /* Assets.xcassets */ = {isa = PBXFileReference; lastKnownFileType = folder.assetcatalog; path = Assets.xcassets; sourceTree = "<group>"; };
		06EEE0392418365C00ADB91F /* Base */ = {isa = PBXFileReference; lastKnownFileType = file.storyboard; name = Base; path = Base.lproj/LaunchScreen.storyboard; sourceTree = "<group>"; };
		06EEE03B2418365C00ADB91F /* Info.plist */ = {isa = PBXFileReference; lastKnownFileType = text.plist.xml; path = Info.plist; sourceTree = "<group>"; };
		06EEE0422418379600ADB91F /* MainView.swift */ = {isa = PBXFileReference; lastKnownFileType = sourcecode.swift; path = MainView.swift; sourceTree = "<group>"; };
		06EEE0452418392300ADB91F /* MainCell.swift */ = {isa = PBXFileReference; lastKnownFileType = sourcecode.swift; path = MainCell.swift; sourceTree = "<group>"; };
		06EEE0482418398F00ADB91F /* UIColor+Extensions.swift */ = {isa = PBXFileReference; lastKnownFileType = sourcecode.swift; path = "UIColor+Extensions.swift"; sourceTree = "<group>"; };
		06EEE04A241839C700ADB91F /* UIFont+Extensions.swift */ = {isa = PBXFileReference; lastKnownFileType = sourcecode.swift; path = "UIFont+Extensions.swift"; sourceTree = "<group>"; };
		06EEE04D2418491B00ADB91F /* Post.swift */ = {isa = PBXFileReference; lastKnownFileType = sourcecode.swift; path = Post.swift; sourceTree = "<group>"; };
		06EEE04F2418497700ADB91F /* Comment.swift */ = {isa = PBXFileReference; lastKnownFileType = sourcecode.swift; path = Comment.swift; sourceTree = "<group>"; };
		06EEE052241849F500ADB91F /* CommentsView.swift */ = {isa = PBXFileReference; lastKnownFileType = sourcecode.swift; path = CommentsView.swift; sourceTree = "<group>"; };
		06EEE05524184A1600ADB91F /* CommentsViewController.swift */ = {isa = PBXFileReference; lastKnownFileType = sourcecode.swift; path = CommentsViewController.swift; sourceTree = "<group>"; };
		06EEE0582418509100ADB91F /* NetworkManager.swift */ = {isa = PBXFileReference; lastKnownFileType = sourcecode.swift; path = NetworkManager.swift; sourceTree = "<group>"; };
		06EEE05B2418796800ADB91F /* CommentsCell.swift */ = {isa = PBXFileReference; lastKnownFileType = sourcecode.swift; path = CommentsCell.swift; sourceTree = "<group>"; };
		06EEE0612418907E00ADB91F /* UserPostsViewController.swift */ = {isa = PBXFileReference; lastKnownFileType = sourcecode.swift; path = UserPostsViewController.swift; sourceTree = "<group>"; };
		06EEE0632418908F00ADB91F /* UserPostsView.swift */ = {isa = PBXFileReference; lastKnownFileType = sourcecode.swift; path = UserPostsView.swift; sourceTree = "<group>"; };
/* End PBXFileReference section */

/* Begin PBXFrameworksBuildPhase section */
		06EEE0272418365B00ADB91F /* Frameworks */ = {
			isa = PBXFrameworksBuildPhase;
			buildActionMask = 2147483647;
			files = (
			);
			runOnlyForDeploymentPostprocessing = 0;
		};
/* End PBXFrameworksBuildPhase section */

/* Begin PBXGroup section */
		06EEE0212418365B00ADB91F = {
			isa = PBXGroup;
			children = (
				06EEE02C2418365B00ADB91F /* UniverseSampleProject */,
				06EEE02B2418365B00ADB91F /* Products */,
			);
			sourceTree = "<group>";
		};
		06EEE02B2418365B00ADB91F /* Products */ = {
			isa = PBXGroup;
			children = (
				06EEE02A2418365B00ADB91F /* UniverseSampleProject.app */,
			);
			name = Products;
			sourceTree = "<group>";
		};
		06EEE02C2418365B00ADB91F /* UniverseSampleProject */ = {
			isa = PBXGroup;
			children = (
				06EEE0572418508400ADB91F /* NetworkManager */,
				06EEE04C2418490300ADB91F /* Model */,
				06EEE0472418397300ADB91F /* Extensions */,
				06EEE0412418374E00ADB91F /* MainViewController */,
				06EEE051241849DF00ADB91F /* CommentsViewController */,
				06EEE05D2418903300ADB91F /* UserPostsViewController */,
				06EEE02D2418365B00ADB91F /* AppDelegate.swift */,
				06EEE02F2418365B00ADB91F /* SceneDelegate.swift */,
				06EEE0332418365B00ADB91F /* Main.storyboard */,
				06EEE0362418365C00ADB91F /* Assets.xcassets */,
				06EEE0382418365C00ADB91F /* LaunchScreen.storyboard */,
				06EEE03B2418365C00ADB91F /* Info.plist */,
			);
			path = UniverseSampleProject;
			sourceTree = "<group>";
		};
		06EEE0412418374E00ADB91F /* MainViewController */ = {
			isa = PBXGroup;
			children = (
				06EEE0312418365B00ADB91F /* MainViewController.swift */,
				06EEE0422418379600ADB91F /* MainView.swift */,
				06EEE0442418390C00ADB91F /* MainCell */,
			);
			path = MainViewController;
			sourceTree = "<group>";
		};
		06EEE0442418390C00ADB91F /* MainCell */ = {
			isa = PBXGroup;
			children = (
				06EEE0452418392300ADB91F /* MainCell.swift */,
			);
			path = MainCell;
			sourceTree = "<group>";
		};
		06EEE0472418397300ADB91F /* Extensions */ = {
			isa = PBXGroup;
			children = (
				06EEE0482418398F00ADB91F /* UIColor+Extensions.swift */,
				06EEE04A241839C700ADB91F /* UIFont+Extensions.swift */,
			);
			path = Extensions;
			sourceTree = "<group>";
		};
		06EEE04C2418490300ADB91F /* Model */ = {
			isa = PBXGroup;
			children = (
				06EEE04D2418491B00ADB91F /* Post.swift */,
				06EEE04F2418497700ADB91F /* Comment.swift */,
			);
			path = Model;
			sourceTree = "<group>";
		};
		06EEE051241849DF00ADB91F /* CommentsViewController */ = {
			isa = PBXGroup;
			children = (
				06EEE052241849F500ADB91F /* CommentsView.swift */,
				06EEE05524184A1600ADB91F /* CommentsViewController.swift */,
				06EEE05A2418793500ADB91F /* CommentsCell */,
			);
			path = CommentsViewController;
			sourceTree = "<group>";
		};
		06EEE0572418508400ADB91F /* NetworkManager */ = {
			isa = PBXGroup;
			children = (
				06EEE0582418509100ADB91F /* NetworkManager.swift */,
			);
			path = NetworkManager;
			sourceTree = "<group>";
		};
		06EEE05A2418793500ADB91F /* CommentsCell */ = {
			isa = PBXGroup;
			children = (
				06EEE05B2418796800ADB91F /* CommentsCell.swift */,
			);
			path = CommentsCell;
			sourceTree = "<group>";
		};
		06EEE05D2418903300ADB91F /* UserPostsViewController */ = {
			isa = PBXGroup;
			children = (
				06EEE0612418907E00ADB91F /* UserPostsViewController.swift */,
				06EEE0632418908F00ADB91F /* UserPostsView.swift */,
			);
			path = UserPostsViewController;
			sourceTree = "<group>";
		};
/* End PBXGroup section */

/* Begin PBXNativeTarget section */
		06EEE0292418365B00ADB91F /* UniverseSampleProject */ = {
			isa = PBXNativeTarget;
			buildConfigurationList = 06EEE03E2418365C00ADB91F /* Build configuration list for PBXNativeTarget "UniverseSampleProject" */;
			buildPhases = (
				06EEE0262418365B00ADB91F /* Sources */,
				06EEE0272418365B00ADB91F /* Frameworks */,
				06EEE0282418365B00ADB91F /* Resources */,
			);
			buildRules = (
			);
			dependencies = (
			);
			name = UniverseSampleProject;
			productName = UniverseSampleProject;
			productReference = 06EEE02A2418365B00ADB91F /* UniverseSampleProject.app */;
			productType = "com.apple.product-type.application";
		};
/* End PBXNativeTarget section */

/* Begin PBXProject section */
		06EEE0222418365B00ADB91F /* Project object */ = {
			isa = PBXProject;
			attributes = {
				LastSwiftUpdateCheck = 1100;
				LastUpgradeCheck = 1100;
				ORGANIZATIONNAME = "Edvin Lellhame";
				TargetAttributes = {
					06EEE0292418365B00ADB91F = {
						CreatedOnToolsVersion = 11.0;
					};
				};
			};
			buildConfigurationList = 06EEE0252418365B00ADB91F /* Build configuration list for PBXProject "UniverseSampleProject" */;
			compatibilityVersion = "Xcode 9.3";
			developmentRegion = en;
			hasScannedForEncodings = 0;
			knownRegions = (
				en,
				Base,
			);
			mainGroup = 06EEE0212418365B00ADB91F;
			productRefGroup = 06EEE02B2418365B00ADB91F /* Products */;
			projectDirPath = "";
			projectRoot = "";
			targets = (
				06EEE0292418365B00ADB91F /* UniverseSampleProject */,
			);
		};
/* End PBXProject section */

/* Begin PBXResourcesBuildPhase section */
		06EEE0282418365B00ADB91F /* Resources */ = {
			isa = PBXResourcesBuildPhase;
			buildActionMask = 2147483647;
			files = (
				06EEE03A2418365C00ADB91F /* LaunchScreen.storyboard in Resources */,
				06EEE0372418365C00ADB91F /* Assets.xcassets in Resources */,
				06EEE0352418365B00ADB91F /* Main.storyboard in Resources */,
			);
			runOnlyForDeploymentPostprocessing = 0;
		};
/* End PBXResourcesBuildPhase section */

/* Begin PBXSourcesBuildPhase section */
		06EEE0262418365B00ADB91F /* Sources */ = {
			isa = PBXSourcesBuildPhase;
			buildActionMask = 2147483647;
			files = (
				06EEE0592418509100ADB91F /* NetworkManager.swift in Sources */,
				06EEE0642418908F00ADB91F /* UserPostsView.swift in Sources */,
				06EEE0322418365B00ADB91F /* MainViewController.swift in Sources */,
				06EEE0622418907E00ADB91F /* UserPostsViewController.swift in Sources */,
				06EEE05C2418796800ADB91F /* CommentsCell.swift in Sources */,
				06EEE0492418398F00ADB91F /* UIColor+Extensions.swift in Sources */,
				06EEE05624184A1600ADB91F /* CommentsViewController.swift in Sources */,
				06EEE053241849F500ADB91F /* CommentsView.swift in Sources */,
				06EEE0432418379600ADB91F /* MainView.swift in Sources */,
				06EEE02E2418365B00ADB91F /* AppDelegate.swift in Sources */,
				06EEE0302418365B00ADB91F /* SceneDelegate.swift in Sources */,
				06EEE0462418392300ADB91F /* MainCell.swift in Sources */,
				06EEE04B241839C700ADB91F /* UIFont+Extensions.swift in Sources */,
				06EEE0502418497700ADB91F /* Comment.swift in Sources */,
				06EEE04E2418491B00ADB91F /* Post.swift in Sources */,
			);
			runOnlyForDeploymentPostprocessing = 0;
		};
/* End PBXSourcesBuildPhase section */

/* Begin PBXVariantGroup section */
		06EEE0332418365B00ADB91F /* Main.storyboard */ = {
			isa = PBXVariantGroup;
			children = (
				06EEE0342418365B00ADB91F /* Base */,
			);
			name = Main.storyboard;
			sourceTree = "<group>";
		};
		06EEE0382418365C00ADB91F /* LaunchScreen.storyboard */ = {
			isa = PBXVariantGroup;
			children = (
				06EEE0392418365C00ADB91F /* Base */,
			);
			name = LaunchScreen.storyboard;
			sourceTree = "<group>";
		};
/* End PBXVariantGroup section */

/* Begin XCBuildConfiguration section */
		06EEE03C2418365C00ADB91F /* Debug */ = {
			isa = XCBuildConfiguration;
			buildSettings = {
				ALWAYS_SEARCH_USER_PATHS = NO;
				CLANG_ANALYZER_NONNULL = YES;
				CLANG_ANALYZER_NUMBER_OBJECT_CONVERSION = YES_AGGRESSIVE;
				CLANG_CXX_LANGUAGE_STANDARD = "gnu++14";
				CLANG_CXX_LIBRARY = "libc++";
				CLANG_ENABLE_MODULES = YES;
				CLANG_ENABLE_OBJC_ARC = YES;
				CLANG_ENABLE_OBJC_WEAK = YES;
				CLANG_WARN_BLOCK_CAPTURE_AUTORELEASING = YES;
				CLANG_WARN_BOOL_CONVERSION = YES;
				CLANG_WARN_COMMA = YES;
				CLANG_WARN_CONSTANT_CONVERSION = YES;
				CLANG_WARN_DEPRECATED_OBJC_IMPLEMENTATIONS = YES;
				CLANG_WARN_DIRECT_OBJC_ISA_USAGE = YES_ERROR;
				CLANG_WARN_DOCUMENTATION_COMMENTS = YES;
				CLANG_WARN_EMPTY_BODY = YES;
				CLANG_WARN_ENUM_CONVERSION = YES;
				CLANG_WARN_INFINITE_RECURSION = YES;
				CLANG_WARN_INT_CONVERSION = YES;
				CLANG_WARN_NON_LITERAL_NULL_CONVERSION = YES;
				CLANG_WARN_OBJC_IMPLICIT_RETAIN_SELF = YES;
				CLANG_WARN_OBJC_LITERAL_CONVERSION = YES;
				CLANG_WARN_OBJC_ROOT_CLASS = YES_ERROR;
				CLANG_WARN_RANGE_LOOP_ANALYSIS = YES;
				CLANG_WARN_STRICT_PROTOTYPES = YES;
				CLANG_WARN_SUSPICIOUS_MOVE = YES;
				CLANG_WARN_UNGUARDED_AVAILABILITY = YES_AGGRESSIVE;
				CLANG_WARN_UNREACHABLE_CODE = YES;
				CLANG_WARN__DUPLICATE_METHOD_MATCH = YES;
				COPY_PHASE_STRIP = NO;
				DEBUG_INFORMATION_FORMAT = dwarf;
				ENABLE_STRICT_OBJC_MSGSEND = YES;
				ENABLE_TESTABILITY = YES;
				GCC_C_LANGUAGE_STANDARD = gnu11;
				GCC_DYNAMIC_NO_PIC = NO;
				GCC_NO_COMMON_BLOCKS = YES;
				GCC_OPTIMIZATION_LEVEL = 0;
				GCC_PREPROCESSOR_DEFINITIONS = (
					"DEBUG=1",
					"$(inherited)",
				);
				GCC_WARN_64_TO_32_BIT_CONVERSION = YES;
				GCC_WARN_ABOUT_RETURN_TYPE = YES_ERROR;
				GCC_WARN_UNDECLARED_SELECTOR = YES;
				GCC_WARN_UNINITIALIZED_AUTOS = YES_AGGRESSIVE;
				GCC_WARN_UNUSED_FUNCTION = YES;
				GCC_WARN_UNUSED_VARIABLE = YES;
				IPHONEOS_DEPLOYMENT_TARGET = 13.0;
				MTL_ENABLE_DEBUG_INFO = INCLUDE_SOURCE;
				MTL_FAST_MATH = YES;
				ONLY_ACTIVE_ARCH = YES;
				SDKROOT = iphoneos;
				SWIFT_ACTIVE_COMPILATION_CONDITIONS = DEBUG;
				SWIFT_OPTIMIZATION_LEVEL = "-Onone";
			};
			name = Debug;
		};
		06EEE03D2418365C00ADB91F /* Release */ = {
			isa = XCBuildConfiguration;
			buildSettings = {
				ALWAYS_SEARCH_USER_PATHS = NO;
				CLANG_ANALYZER_NONNULL = YES;
				CLANG_ANALYZER_NUMBER_OBJECT_CONVERSION = YES_AGGRESSIVE;
				CLANG_CXX_LANGUAGE_STANDARD = "gnu++14";
				CLANG_CXX_LIBRARY = "libc++";
				CLANG_ENABLE_MODULES = YES;
				CLANG_ENABLE_OBJC_ARC = YES;
				CLANG_ENABLE_OBJC_WEAK = YES;
				CLANG_WARN_BLOCK_CAPTURE_AUTORELEASING = YES;
				CLANG_WARN_BOOL_CONVERSION = YES;
				CLANG_WARN_COMMA = YES;
				CLANG_WARN_CONSTANT_CONVERSION = YES;
				CLANG_WARN_DEPRECATED_OBJC_IMPLEMENTATIONS = YES;
				CLANG_WARN_DIRECT_OBJC_ISA_USAGE = YES_ERROR;
				CLANG_WARN_DOCUMENTATION_COMMENTS = YES;
				CLANG_WARN_EMPTY_BODY = YES;
				CLANG_WARN_ENUM_CONVERSION = YES;
				CLANG_WARN_INFINITE_RECURSION = YES;
				CLANG_WARN_INT_CONVERSION = YES;
				CLANG_WARN_NON_LITERAL_NULL_CONVERSION = YES;
				CLANG_WARN_OBJC_IMPLICIT_RETAIN_SELF = YES;
				CLANG_WARN_OBJC_LITERAL_CONVERSION = YES;
				CLANG_WARN_OBJC_ROOT_CLASS = YES_ERROR;
				CLANG_WARN_RANGE_LOOP_ANALYSIS = YES;
				CLANG_WARN_STRICT_PROTOTYPES = YES;
				CLANG_WARN_SUSPICIOUS_MOVE = YES;
				CLANG_WARN_UNGUARDED_AVAILABILITY = YES_AGGRESSIVE;
				CLANG_WARN_UNREACHABLE_CODE = YES;
				CLANG_WARN__DUPLICATE_METHOD_MATCH = YES;
				COPY_PHASE_STRIP = NO;
				DEBUG_INFORMATION_FORMAT = "dwarf-with-dsym";
				ENABLE_NS_ASSERTIONS = NO;
				ENABLE_STRICT_OBJC_MSGSEND = YES;
				GCC_C_LANGUAGE_STANDARD = gnu11;
				GCC_NO_COMMON_BLOCKS = YES;
				GCC_WARN_64_TO_32_BIT_CONVERSION = YES;
				GCC_WARN_ABOUT_RETURN_TYPE = YES_ERROR;
				GCC_WARN_UNDECLARED_SELECTOR = YES;
				GCC_WARN_UNINITIALIZED_AUTOS = YES_AGGRESSIVE;
				GCC_WARN_UNUSED_FUNCTION = YES;
				GCC_WARN_UNUSED_VARIABLE = YES;
				IPHONEOS_DEPLOYMENT_TARGET = 13.0;
				MTL_ENABLE_DEBUG_INFO = NO;
				MTL_FAST_MATH = YES;
				SDKROOT = iphoneos;
				SWIFT_COMPILATION_MODE = wholemodule;
				SWIFT_OPTIMIZATION_LEVEL = "-O";
				VALIDATE_PRODUCT = YES;
			};
			name = Release;
		};
		06EEE03F2418365C00ADB91F /* Debug */ = {
			isa = XCBuildConfiguration;
			buildSettings = {
				ASSETCATALOG_COMPILER_APPICON_NAME = AppIcon;
				CODE_SIGN_STYLE = Automatic;
				DEVELOPMENT_TEAM = Z928ALPHEA;
				INFOPLIST_FILE = UniverseSampleProject/Info.plist;
				LD_RUNPATH_SEARCH_PATHS = (
					"$(inherited)",
					"@executable_path/Frameworks",
				);
				PRODUCT_BUNDLE_IDENTIFIER = com.edvinlellhame.UniverseSampleProject;
				PRODUCT_NAME = "$(TARGET_NAME)";
				SWIFT_VERSION = 5.0;
				TARGETED_DEVICE_FAMILY = "1,2";
			};
			name = Debug;
		};
		06EEE0402418365C00ADB91F /* Release */ = {
			isa = XCBuildConfiguration;
			buildSettings = {
				ASSETCATALOG_COMPILER_APPICON_NAME = AppIcon;
				CODE_SIGN_STYLE = Automatic;
				DEVELOPMENT_TEAM = Z928ALPHEA;
				INFOPLIST_FILE = UniverseSampleProject/Info.plist;
				LD_RUNPATH_SEARCH_PATHS = (
					"$(inherited)",
					"@executable_path/Frameworks",
				);
				PRODUCT_BUNDLE_IDENTIFIER = com.edvinlellhame.UniverseSampleProject;
				PRODUCT_NAME = "$(TARGET_NAME)";
				SWIFT_VERSION = 5.0;
				TARGETED_DEVICE_FAMILY = "1,2";
			};
			name = Release;
		};
/* End XCBuildConfiguration section */

/* Begin XCConfigurationList section */
		06EEE0252418365B00ADB91F /* Build configuration list for PBXProject "UniverseSampleProject" */ = {
			isa = XCConfigurationList;
			buildConfigurations = (
				06EEE03C2418365C00ADB91F /* Debug */,
				06EEE03D2418365C00ADB91F /* Release */,
			);
			defaultConfigurationIsVisible = 0;
			defaultConfigurationName = Release;
		};
		06EEE03E2418365C00ADB91F /* Build configuration list for PBXNativeTarget "UniverseSampleProject" */ = {
			isa = XCConfigurationList;
			buildConfigurations = (
				06EEE03F2418365C00ADB91F /* Debug */,
				06EEE0402418365C00ADB91F /* Release */,
			);
			defaultConfigurationIsVisible = 0;
			defaultConfigurationName = Release;
		};
/* End XCConfigurationList section */
	};
	rootObject = 06EEE0222418365B00ADB91F /* Project object */;
}
